{
    "requires": true,
    "lockfileVersion": 1,
    "dependencies": {
        "error-ex": {
            "version": "1.3.1",
            "resolved": "https://registry.npmjs.org/error-ex/-/error-ex-1.3.1.tgz",
            "integrity": "sha1-+FWobOYa3E6GIcPNoh56dhLDqNw=",
            "requires": {
                "is-arrayish": "0.2.1"
            }
        },
        "graceful-fs": {
            "version": "4.1.11",
            "resolved": "https://registry.npmjs.org/graceful-fs/-/graceful-fs-4.1.11.tgz",
            "integrity": "sha1-Dovf5NHduIVNZOBOp8AOKgJuVlg="
        },
        "is-arrayish": {
            "version": "0.2.1",
            "resolved": "https://registry.npmjs.org/is-arrayish/-/is-arrayish-0.2.1.tgz",
            "integrity": "sha1-d8mYQFJ6qOyxqLppe4BkWnqSap0="
        },
        "load-json-file": {
            "version": "3.0.0",
            "resolved": "https://registry.npmjs.org/load-json-file/-/load-json-file-3.0.0.tgz",
            "integrity": "sha1-frNzXZg6ftImKt5P92mvU2nFxEA=",
            "requires": {
                "graceful-fs": "4.1.11",
                "parse-json": "3.0.0",
                "pify": "2.3.0",
                "strip-bom": "3.0.0"
            }
        },
        "parse-json": {
            "version": "3.0.0",
            "resolved": "https://registry.npmjs.org/parse-json/-/parse-json-3.0.0.tgz",
            "integrity": "sha1-+m9HsY4jgm6tMvJj50TQ4ehH+xM=",
            "requires": {
                "error-ex": "1.3.1"
            }
        },
        "pify": {
            "version": "2.3.0",
            "resolved": "https://registry.npmjs.org/pify/-/pify-2.3.0.tgz",
            "integrity": "sha1-7RQaasBDqEnqWISY59yosVMw6Qw="
        },
        "progress": {
            "version": "2.0.0",
            "resolved": "https://registry.npmjs.org/progress/-/progress-2.0.0.tgz",
            "integrity": "sha1-ihvjZr+Pwj2yvSPxDG/pILQ4nR8="
        },
        "strip-bom": {
            "version": "3.0.0",
            "resolved": "https://registry.npmjs.org/strip-bom/-/strip-bom-3.0.0.tgz",
            "integrity": "sha1-IzTBjpx1n3vdVv3vfprj1YjmjtM="
        }
    }
}
